{
  "nodes": {
    "beamer-theme-serokell": {
      "flake": false,
      "locked": {
        "lastModified": 1601722979,
        "narHash": "sha256-Kp4tNZ1iZ+Qw+YuCvHAefg3EokygD4W76iqtd74t5lg=",
        "owner": "serokell",
        "repo": "beamer-theme-serokell",
        "rev": "82168735f3da769ae8e0c9db3791656c34e5ee08",
        "type": "github"
      },
      "original": {
        "owner": "serokell",
        "repo": "beamer-theme-serokell",
        "type": "github"
      }
    },
    "nix-pandoc": {
      "inputs": {
        "nixpkgs": [
          "nixpkgs"
        ]
      },
      "locked": {
        "lastModified": 1601644537,
        "narHash": "sha256-i71ZLyJJh4Ey4fYFmEQURH4gqSFuIRRE3zuZW9Dak1A=",
        "owner": "serokell",
        "repo": "nix-pandoc",
        "rev": "3d6336f2d8af706fcb53c4aacdd6c02fed624ac1",
        "type": "github"
      },
      "original": {
        "owner": "serokell",
        "repo": "nix-pandoc",
        "type": "github"
      }
    },
    "nixpkgs": {
      "locked": {
        "lastModified": 1601640588,
        "narHash": "sha256-EKCgoeOA5i3DQQx2lfyzvjwCiklnSCXsnHzh9gg1AD4=",
        "owner": "serokell",
        "repo": "nixpkgs",
        "rev": "1e22f7603d223a67e7cd219939e1c1042419ff24",
        "type": "github"
      },
      "original": {
        "owner": "serokell",
        "repo": "nixpkgs",
        "type": "github"
      }
    },
    "root": {
      "inputs": {
        "beamer-theme-serokell": "beamer-theme-serokell",
        "nix-pandoc": "nix-pandoc",
        "nixpkgs": "nixpkgs"
      }
    }
  },
  "root": "root",
  "version": 7
}
